
Microsoft Visual Studio Solution File, Format Version 12.00
# Visual Studio 14
VisualStudioVersion = 14.0.22310.1
MinimumVisualStudioVersion = 10.0.40219.1
Project("{F184B08F-C81C-45F6-A57F-5ABD9991F28F}") = "SFD_P", "SFD_P.vbproj", "{98514D9A-7117-44BF-AC8E-DD9DAE704601}"
EndProject
Project("{F184B08F-C81C-45F6-A57F-5ABD9991F28F}") = "SFD.StringFormat", "SFD.StringFormat\SFD.StringFormat.vbproj", "{6E02193E-249B-407B-936A-B88F015FF078}"
EndProject
Project("{F184B08F-C81C-45F6-A57F-5ABD9991F28F}") = "SFD_D", "..\SFD_D\SFD_D.vbproj", "{4F41688E-6AD3-4BD5-A635-4BA09D0FD10F}"
EndProject
Project("{2150E333-8FDC-42A3-9474-1A3956D46DE8}") = "WIKI", "WIKI", "{3F872FDF-1ABE-4546-B2AF-857F840FD8AB}"
EndProject
Project("{2150E333-8FDC-42A3-9474-1A3956D46DE8}") = "Images", "Images", "{73398B95-59A6-4769-B73F-F5BEB59E5743}"
	ProjectSection(SolutionItems) = preProject
		E:\SFD_Colors2.jpg = E:\SFD_Colors2.jpg
	EndProjectSection
EndProject
Global
	GlobalSection(SolutionConfigurationPlatforms) = preSolution
		Debug|Any CPU = Debug|Any CPU
		Release|Any CPU = Release|Any CPU
	EndGlobalSection
	GlobalSection(ProjectConfigurationPlatforms) = postSolution
		{98514D9A-7117-44BF-AC8E-DD9DAE704601}.Debug|Any CPU.ActiveCfg = Debug|Any CPU
		{98514D9A-7117-44BF-AC8E-DD9DAE704601}.Debug|Any CPU.Build.0 = Debug|Any CPU
		{98514D9A-7117-44BF-AC8E-DD9DAE704601}.Release|Any CPU.ActiveCfg = Release|Any CPU
		{98514D9A-7117-44BF-AC8E-DD9DAE704601}.Release|Any CPU.Build.0 = Release|Any CPU
		{6E02193E-249B-407B-936A-B88F015FF078}.Debug|Any CPU.ActiveCfg = Debug|Any CPU
		{6E02193E-249B-407B-936A-B88F015FF078}.Debug|Any CPU.Build.0 = Debug|Any CPU
		{6E02193E-249B-407B-936A-B88F015FF078}.Release|Any CPU.ActiveCfg = Release|Any CPU
		{6E02193E-249B-407B-936A-B88F015FF078}.Release|Any CPU.Build.0 = Release|Any CPU
		{4F41688E-6AD3-4BD5-A635-4BA09D0FD10F}.Debug|Any CPU.ActiveCfg = Debug|Any CPU
		{4F41688E-6AD3-4BD5-A635-4BA09D0FD10F}.Debug|Any CPU.Build.0 = Debug|Any CPU
		{4F41688E-6AD3-4BD5-A635-4BA09D0FD10F}.Release|Any CPU.ActiveCfg = Release|Any CPU
		{4F41688E-6AD3-4BD5-A635-4BA09D0FD10F}.Release|Any CPU.Build.0 = Release|Any CPU
	EndGlobalSection
	GlobalSection(SolutionProperties) = preSolution
		HideSolutionNode = FALSE
	EndGlobalSection
	GlobalSection(NestedProjects) = preSolution
		{73398B95-59A6-4769-B73F-F5BEB59E5743} = {3F872FDF-1ABE-4546-B2AF-857F840FD8AB}
	EndGlobalSection
EndGlobal
